
Microsoft Visual Studio Solution File, Format Version 11.00
# Visual Studio 2010
Project("{FAE04EC0-301F-11D3-BF4B-00C04F79EFBC}") = "Assembly-CSharp", "Assembly-CSharp.csproj", "{82CACF9F-3CE9-3239-0C2A-722BF4CF3622}"
EndProject
Project("{FAE04EC0-301F-11D3-BF4B-00C04F79EFBC}") = "Assembly-CSharp-Editor", "Assembly-CSharp-Editor.csproj", "{DADE8BC9-C106-D9DD-A309-804B6C88E8A5}"
EndProject
Global
	GlobalSection(SolutionConfigurationPlatforms) = preSolution
		Debug|Any CPU = Debug|Any CPU
		Release|Any CPU = Release|Any CPU
	EndGlobalSection
	GlobalSection(ProjectConfigurationPlatforms) = postSolution
		{82CACF9F-3CE9-3239-0C2A-722BF4CF3622}.Debug|Any CPU.ActiveCfg = Debug|Any CPU
		{82CACF9F-3CE9-3239-0C2A-722BF4CF3622}.Debug|Any CPU.Build.0 = Debug|Any CPU
		{82CACF9F-3CE9-3239-0C2A-722BF4CF3622}.Release|Any CPU.ActiveCfg = Release|Any CPU
		{82CACF9F-3CE9-3239-0C2A-722BF4CF3622}.Release|Any CPU.Build.0 = Release|Any CPU
		{DADE8BC9-C106-D9DD-A309-804B6C88E8A5}.Debug|Any CPU.ActiveCfg = Debug|Any CPU
		{DADE8BC9-C106-D9DD-A309-804B6C88E8A5}.Debug|Any CPU.Build.0 = Debug|Any CPU
		{DADE8BC9-C106-D9DD-A309-804B6C88E8A5}.Release|Any CPU.ActiveCfg = Release|Any CPU
		{DADE8BC9-C106-D9DD-A309-804B6C88E8A5}.Release|Any CPU.Build.0 = Release|Any CPU
	EndGlobalSection
	GlobalSection(SolutionProperties) = preSolution
		HideSolutionNode = FALSE
	EndGlobalSection
EndGlobal
